
Microsoft Visual Studio Solution File, Format Version 12.00
# Visual Studio 15
VisualStudioVersion = 15.0.26403.7
MinimumVisualStudioVersion = 10.0.40219.1
Project("{FAE04EC0-301F-11D3-BF4B-00C04F79EFBC}") = "DanishMastersUdregnerPete", "DanishMastersUdregnerPete.csproj", "{CAF36DF1-A747-48FC-BC69-85FE74C80F45}"
EndProject
Global
	GlobalSection(SolutionConfigurationPlatforms) = preSolution
		Debug|Any CPU = Debug|Any CPU
		Release|Any CPU = Release|Any CPU
	EndGlobalSection
	GlobalSection(ProjectConfigurationPlatforms) = postSolution
		{CAF36DF1-A747-48FC-BC69-85FE74C80F45}.Debug|Any CPU.ActiveCfg = Debug|Any CPU
		{CAF36DF1-A747-48FC-BC69-85FE74C80F45}.Debug|Any CPU.Build.0 = Debug|Any CPU
		{CAF36DF1-A747-48FC-BC69-85FE74C80F45}.Release|Any CPU.ActiveCfg = Release|Any CPU
		{CAF36DF1-A747-48FC-BC69-85FE74C80F45}.Release|Any CPU.Build.0 = Release|Any CPU
	EndGlobalSection
	GlobalSection(SolutionProperties) = preSolution
		HideSolutionNode = FALSE
	EndGlobalSection
EndGlobal
